
Microsoft Visual Studio Solution File, Format Version 12.00
# Visual Studio Version 17
VisualStudioVersion = 17.8.34322.80
MinimumVisualStudioVersion = 10.0.40219.1
Project("{FAE04EC0-301F-11D3-BF4B-00C04F79EFBC}") = "RefitGrupoDeEstudos", "RefitGrupoDeEstudos\RefitGrupoDeEstudos.csproj", "{BBBB90A3-D33A-4358-A725-8203B53251DE}"
EndProject
Global
	GlobalSection(SolutionConfigurationPlatforms) = preSolution
		Debug|Any CPU = Debug|Any CPU
		Release|Any CPU = Release|Any CPU
	EndGlobalSection
	GlobalSection(ProjectConfigurationPlatforms) = postSolution
		{BBBB90A3-D33A-4358-A725-8203B53251DE}.Debug|Any CPU.ActiveCfg = Debug|Any CPU
		{BBBB90A3-D33A-4358-A725-8203B53251DE}.Debug|Any CPU.Build.0 = Debug|Any CPU
		{BBBB90A3-D33A-4358-A725-8203B53251DE}.Release|Any CPU.ActiveCfg = Release|Any CPU
		{BBBB90A3-D33A-4358-A725-8203B53251DE}.Release|Any CPU.Build.0 = Release|Any CPU
	EndGlobalSection
	GlobalSection(SolutionProperties) = preSolution
		HideSolutionNode = FALSE
	EndGlobalSection
	GlobalSection(ExtensibilityGlobals) = postSolution
		SolutionGuid = {E27BB824-C374-4653-B195-90FEE77A3002}
	EndGlobalSection
EndGlobal
